// !$*UTF8*$!
{
	archiveVersion = 1;
	classes = {
	};
	objectVersion = 50;
	objects = {

/* Begin PBXBuildFile section */
		613A473322F866C000455029 /* AppDelegate.swift in Sources */ = {isa = PBXBuildFile; fileRef = 613A473222F866C000455029 /* AppDelegate.swift */; };
		613A473522F866C000455029 /* ViewController.swift in Sources */ = {isa = PBXBuildFile; fileRef = 613A473422F866C000455029 /* ViewController.swift */; };
		613A473822F866C000455029 /* Main.storyboard in Resources */ = {isa = PBXBuildFile; fileRef = 613A473622F866C000455029 /* Main.storyboard */; };
		613A473B22F866C000455029 /* DarkSkyWeather.xcdatamodeld in Sources */ = {isa = PBXBuildFile; fileRef = 613A473922F866C000455029 /* DarkSkyWeather.xcdatamodeld */; };
		613A473D22F866C200455029 /* Assets.xcassets in Resources */ = {isa = PBXBuildFile; fileRef = 613A473C22F866C200455029 /* Assets.xcassets */; };
		613A474022F866C200455029 /* LaunchScreen.storyboard in Resources */ = {isa = PBXBuildFile; fileRef = 613A473E22F866C200455029 /* LaunchScreen.storyboard */; };
		613A474B22F866C200455029 /* DarkSkyWeatherTests.swift in Sources */ = {isa = PBXBuildFile; fileRef = 613A474A22F866C200455029 /* DarkSkyWeatherTests.swift */; };
		613A475A22F86B6E00455029 /* MapKitVC.swift in Sources */ = {isa = PBXBuildFile; fileRef = 613A475922F86B6E00455029 /* MapKitVC.swift */; };
		613A475C22F86FF200455029 /* LocationManager.swift in Sources */ = {isa = PBXBuildFile; fileRef = 613A475B22F86FF200455029 /* LocationManager.swift */; };
/* End PBXBuildFile section */

/* Begin PBXContainerItemProxy section */
		613A474722F866C200455029 /* PBXContainerItemProxy */ = {
			isa = PBXContainerItemProxy;
			containerPortal = 613A472722F866C000455029 /* Project object */;
			proxyType = 1;
			remoteGlobalIDString = 613A472E22F866C000455029;
			remoteInfo = DarkSkyWeather;
		};
/* End PBXContainerItemProxy section */

/* Begin PBXFileReference section */
		613A472F22F866C000455029 /* DarkSkyWeather.app */ = {isa = PBXFileReference; explicitFileType = wrapper.application; includeInIndex = 0; path = DarkSkyWeather.app; sourceTree = BUILT_PRODUCTS_DIR; };
		613A473222F866C000455029 /* AppDelegate.swift */ = {isa = PBXFileReference; lastKnownFileType = sourcecode.swift; path = AppDelegate.swift; sourceTree = "<group>"; };
		613A473422F866C000455029 /* ViewController.swift */ = {isa = PBXFileReference; lastKnownFileType = sourcecode.swift; path = ViewController.swift; sourceTree = "<group>"; };
		613A473722F866C000455029 /* Base */ = {isa = PBXFileReference; lastKnownFileType = file.storyboard; name = Base; path = Base.lproj/Main.storyboard; sourceTree = "<group>"; };
		613A473A22F866C000455029 /* DarkSkyWeather.xcdatamodel */ = {isa = PBXFileReference; lastKnownFileType = wrapper.xcdatamodel; path = DarkSkyWeather.xcdatamodel; sourceTree = "<group>"; };
		613A473C22F866C200455029 /* Assets.xcassets */ = {isa = PBXFileReference; lastKnownFileType = folder.assetcatalog; path = Assets.xcassets; sourceTree = "<group>"; };
		613A473F22F866C200455029 /* Base */ = {isa = PBXFileReference; lastKnownFileType = file.storyboard; name = Base; path = Base.lproj/LaunchScreen.storyboard; sourceTree = "<group>"; };
		613A474122F866C200455029 /* Info.plist */ = {isa = PBXFileReference; lastKnownFileType = text.plist.xml; path = Info.plist; sourceTree = "<group>"; };
		613A474622F866C200455029 /* DarkSkyWeatherTests.xctest */ = {isa = PBXFileReference; explicitFileType = wrapper.cfbundle; includeInIndex = 0; path = DarkSkyWeatherTests.xctest; sourceTree = BUILT_PRODUCTS_DIR; };
		613A474A22F866C200455029 /* DarkSkyWeatherTests.swift */ = {isa = PBXFileReference; lastKnownFileType = sourcecode.swift; path = DarkSkyWeatherTests.swift; sourceTree = "<group>"; };
		613A474C22F866C200455029 /* Info.plist */ = {isa = PBXFileReference; lastKnownFileType = text.plist.xml; path = Info.plist; sourceTree = "<group>"; };
		613A475922F86B6E00455029 /* MapKitVC.swift */ = {isa = PBXFileReference; lastKnownFileType = sourcecode.swift; path = MapKitVC.swift; sourceTree = "<group>"; };
		613A475B22F86FF200455029 /* LocationManager.swift */ = {isa = PBXFileReference; lastKnownFileType = sourcecode.swift; path = LocationManager.swift; sourceTree = "<group>"; };
/* End PBXFileReference section */

/* Begin PBXFrameworksBuildPhase section */
		613A472C22F866C000455029 /* Frameworks */ = {
			isa = PBXFrameworksBuildPhase;
			buildActionMask = 2147483647;
			files = (
			);
			runOnlyForDeploymentPostprocessing = 0;
		};
		613A474322F866C200455029 /* Frameworks */ = {
			isa = PBXFrameworksBuildPhase;
			buildActionMask = 2147483647;
			files = (
			);
			runOnlyForDeploymentPostprocessing = 0;
		};
/* End PBXFrameworksBuildPhase section */

/* Begin PBXGroup section */
		613A472622F866C000455029 = {
			isa = PBXGroup;
			children = (
				613A473122F866C000455029 /* DarkSkyWeather */,
				613A474922F866C200455029 /* DarkSkyWeatherTests */,
				613A473022F866C000455029 /* Products */,
			);
			sourceTree = "<group>";
		};
		613A473022F866C000455029 /* Products */ = {
			isa = PBXGroup;
			children = (
				613A472F22F866C000455029 /* DarkSkyWeather.app */,
				613A474622F866C200455029 /* DarkSkyWeatherTests.xctest */,
			);
			name = Products;
			sourceTree = "<group>";
		};
		613A473122F866C000455029 /* DarkSkyWeather */ = {
			isa = PBXGroup;
			children = (
				613A473222F866C000455029 /* AppDelegate.swift */,
				613A473422F866C000455029 /* ViewController.swift */,
				613A475B22F86FF200455029 /* LocationManager.swift */,
				613A475922F86B6E00455029 /* MapKitVC.swift */,
				613A473622F866C000455029 /* Main.storyboard */,
				613A473C22F866C200455029 /* Assets.xcassets */,
				613A473E22F866C200455029 /* LaunchScreen.storyboard */,
				613A474122F866C200455029 /* Info.plist */,
				613A473922F866C000455029 /* DarkSkyWeather.xcdatamodeld */,
			);
			path = DarkSkyWeather;
			sourceTree = "<group>";
		};
		613A474922F866C200455029 /* DarkSkyWeatherTests */ = {
			isa = PBXGroup;
			children = (
				613A474A22F866C200455029 /* DarkSkyWeatherTests.swift */,
				613A474C22F866C200455029 /* Info.plist */,
			);
			path = DarkSkyWeatherTests;
			sourceTree = "<group>";
		};
/* End PBXGroup section */

/* Begin PBXNativeTarget section */
		613A472E22F866C000455029 /* DarkSkyWeather */ = {
			isa = PBXNativeTarget;
			buildConfigurationList = 613A474F22F866C200455029 /* Build configuration list for PBXNativeTarget "DarkSkyWeather" */;
			buildPhases = (
				613A472B22F866C000455029 /* Sources */,
				613A472C22F866C000455029 /* Frameworks */,
				613A472D22F866C000455029 /* Resources */,
			);
			buildRules = (
			);
			dependencies = (
			);
			name = DarkSkyWeather;
			productName = DarkSkyWeather;
			productReference = 613A472F22F866C000455029 /* DarkSkyWeather.app */;
			productType = "com.apple.product-type.application";
		};
		613A474522F866C200455029 /* DarkSkyWeatherTests */ = {
			isa = PBXNativeTarget;
			buildConfigurationList = 613A475222F866C200455029 /* Build configuration list for PBXNativeTarget "DarkSkyWeatherTests" */;
			buildPhases = (
				613A474222F866C200455029 /* Sources */,
				613A474322F866C200455029 /* Frameworks */,
				613A474422F866C200455029 /* Resources */,
			);
			buildRules = (
			);
			dependencies = (
				613A474822F866C200455029 /* PBXTargetDependency */,
			);
			name = DarkSkyWeatherTests;
			productName = DarkSkyWeatherTests;
			productReference = 613A474622F866C200455029 /* DarkSkyWeatherTests.xctest */;
			productType = "com.apple.product-type.bundle.unit-test";
		};
/* End PBXNativeTarget section */

/* Begin PBXProject section */
		613A472722F866C000455029 /* Project object */ = {
			isa = PBXProject;
			attributes = {
				LastSwiftUpdateCheck = 1020;
				LastUpgradeCheck = 1020;
				ORGANIZATIONNAME = rowkaxl;
				TargetAttributes = {
					613A472E22F866C000455029 = {
						CreatedOnToolsVersion = 10.2.1;
					};
					613A474522F866C200455029 = {
						CreatedOnToolsVersion = 10.2.1;
						TestTargetID = 613A472E22F866C000455029;
					};
				};
			};
			buildConfigurationList = 613A472A22F866C000455029 /* Build configuration list for PBXProject "DarkSkyWeather" */;
			compatibilityVersion = "Xcode 9.3";
			developmentRegion = en;
			hasScannedForEncodings = 0;
			knownRegions = (
				en,
				Base,
			);
			mainGroup = 613A472622F866C000455029;
			productRefGroup = 613A473022F866C000455029 /* Products */;
			projectDirPath = "";
			projectRoot = "";
			targets = (
				613A472E22F866C000455029 /* DarkSkyWeather */,
				613A474522F866C200455029 /* DarkSkyWeatherTests */,
			);
		};
/* End PBXProject section */

/* Begin PBXResourcesBuildPhase section */
		613A472D22F866C000455029 /* Resources */ = {
			isa = PBXResourcesBuildPhase;
			buildActionMask = 2147483647;
			files = (
				613A474022F866C200455029 /* LaunchScreen.storyboard in Resources */,
				613A473D22F866C200455029 /* Assets.xcassets in Resources */,
				613A473822F866C000455029 /* Main.storyboard in Resources */,
			);
			runOnlyForDeploymentPostprocessing = 0;
		};
		613A474422F866C200455029 /* Resources */ = {
			isa = PBXResourcesBuildPhase;
			buildActionMask = 2147483647;
			files = (
			);
			runOnlyForDeploymentPostprocessing = 0;
		};
/* End PBXResourcesBuildPhase section */

/* Begin PBXSourcesBuildPhase section */
		613A472B22F866C000455029 /* Sources */ = {
			isa = PBXSourcesBuildPhase;
			buildActionMask = 2147483647;
			files = (
				613A475A22F86B6E00455029 /* MapKitVC.swift in Sources */,
				613A473522F866C000455029 /* ViewController.swift in Sources */,
				613A475C22F86FF200455029 /* LocationManager.swift in Sources */,
				613A473322F866C000455029 /* AppDelegate.swift in Sources */,
				613A473B22F866C000455029 /* DarkSkyWeather.xcdatamodeld in Sources */,
			);
			runOnlyForDeploymentPostprocessing = 0;
		};
		613A474222F866C200455029 /* Sources */ = {
			isa = PBXSourcesBuildPhase;
			buildActionMask = 2147483647;
			files = (
				613A474B22F866C200455029 /* DarkSkyWeatherTests.swift in Sources */,
			);
			runOnlyForDeploymentPostprocessing = 0;
		};
/* End PBXSourcesBuildPhase section */

/* Begin PBXTargetDependency section */
		613A474822F866C200455029 /* PBXTargetDependency */ = {
			isa = PBXTargetDependency;
			target = 613A472E22F866C000455029 /* DarkSkyWeather */;
			targetProxy = 613A474722F866C200455029 /* PBXContainerItemProxy */;
		};
/* End PBXTargetDependency section */

/* Begin PBXVariantGroup section */
		613A473622F866C000455029 /* Main.storyboard */ = {
			isa = PBXVariantGroup;
			children = (
				613A473722F866C000455029 /* Base */,
			);
			name = Main.storyboard;
			sourceTree = "<group>";
		};
		613A473E22F866C200455029 /* LaunchScreen.storyboard */ = {
			isa = PBXVariantGroup;
			children = (
				613A473F22F866C200455029 /* Base */,
			);
			name = LaunchScreen.storyboard;
			sourceTree = "<group>";
		};
/* End PBXVariantGroup section */

/* Begin XCBuildConfiguration section */
		613A474D22F866C200455029 /* Debug */ = {
			isa = XCBuildConfiguration;
			buildSettings = {
				ALWAYS_SEARCH_USER_PATHS = NO;
				CLANG_ANALYZER_NONNULL = YES;
				CLANG_ANALYZER_NUMBER_OBJECT_CONVERSION = YES_AGGRESSIVE;
				CLANG_CXX_LANGUAGE_STANDARD = "gnu++14";
				CLANG_CXX_LIBRARY = "libc++";
				CLANG_ENABLE_MODULES = YES;
				CLANG_ENABLE_OBJC_ARC = YES;
				CLANG_ENABLE_OBJC_WEAK = YES;
				CLANG_WARN_BLOCK_CAPTURE_AUTORELEASING = YES;
				CLANG_WARN_BOOL_CONVERSION = YES;
				CLANG_WARN_COMMA = YES;
				CLANG_WARN_CONSTANT_CONVERSION = YES;
				CLANG_WARN_DEPRECATED_OBJC_IMPLEMENTATIONS = YES;
				CLANG_WARN_DIRECT_OBJC_ISA_USAGE = YES_ERROR;
				CLANG_WARN_DOCUMENTATION_COMMENTS = YES;
				CLANG_WARN_EMPTY_BODY = YES;
				CLANG_WARN_ENUM_CONVERSION = YES;
				CLANG_WARN_INFINITE_RECURSION = YES;
				CLANG_WARN_INT_CONVERSION = YES;
				CLANG_WARN_NON_LITERAL_NULL_CONVERSION = YES;
				CLANG_WARN_OBJC_IMPLICIT_RETAIN_SELF = YES;
				CLANG_WARN_OBJC_LITERAL_CONVERSION = YES;
				CLANG_WARN_OBJC_ROOT_CLASS = YES_ERROR;
				CLANG_WARN_RANGE_LOOP_ANALYSIS = YES;
				CLANG_WARN_STRICT_PROTOTYPES = YES;
				CLANG_WARN_SUSPICIOUS_MOVE = YES;
				CLANG_WARN_UNGUARDED_AVAILABILITY = YES_AGGRESSIVE;
				CLANG_WARN_UNREACHABLE_CODE = YES;
				CLANG_WARN__DUPLICATE_METHOD_MATCH = YES;
				CODE_SIGN_IDENTITY = "iPhone Developer";
				COPY_PHASE_STRIP = NO;
				DEBUG_INFORMATION_FORMAT = dwarf;
				ENABLE_STRICT_OBJC_MSGSEND = YES;
				ENABLE_TESTABILITY = YES;
				GCC_C_LANGUAGE_STANDARD = gnu11;
				GCC_DYNAMIC_NO_PIC = NO;
				GCC_NO_COMMON_BLOCKS = YES;
				GCC_OPTIMIZATION_LEVEL = 0;
				GCC_PREPROCESSOR_DEFINITIONS = (
					"DEBUG=1",
					"$(inherited)",
				);
				GCC_WARN_64_TO_32_BIT_CONVERSION = YES;
				GCC_WARN_ABOUT_RETURN_TYPE = YES_ERROR;
				GCC_WARN_UNDECLARED_SELECTOR = YES;
				GCC_WARN_UNINITIALIZED_AUTOS = YES_AGGRESSIVE;
				GCC_WARN_UNUSED_FUNCTION = YES;
				GCC_WARN_UNUSED_VARIABLE = YES;
				IPHONEOS_DEPLOYMENT_TARGET = 12.2;
				MTL_ENABLE_DEBUG_INFO = INCLUDE_SOURCE;
				MTL_FAST_MATH = YES;
				ONLY_ACTIVE_ARCH = YES;
				SDKROOT = iphoneos;
				SWIFT_ACTIVE_COMPILATION_CONDITIONS = DEBUG;
				SWIFT_OPTIMIZATION_LEVEL = "-Onone";
			};
			name = Debug;
		};
		613A474E22F866C200455029 /* Release */ = {
			isa = XCBuildConfiguration;
			buildSettings = {
				ALWAYS_SEARCH_USER_PATHS = NO;
				CLANG_ANALYZER_NONNULL = YES;
				CLANG_ANALYZER_NUMBER_OBJECT_CONVERSION = YES_AGGRESSIVE;
				CLANG_CXX_LANGUAGE_STANDARD = "gnu++14";
				CLANG_CXX_LIBRARY = "libc++";
				CLANG_ENABLE_MODULES = YES;
				CLANG_ENABLE_OBJC_ARC = YES;
				CLANG_ENABLE_OBJC_WEAK = YES;
				CLANG_WARN_BLOCK_CAPTURE_AUTORELEASING = YES;
				CLANG_WARN_BOOL_CONVERSION = YES;
				CLANG_WARN_COMMA = YES;
				CLANG_WARN_CONSTANT_CONVERSION = YES;
				CLANG_WARN_DEPRECATED_OBJC_IMPLEMENTATIONS = YES;
				CLANG_WARN_DIRECT_OBJC_ISA_USAGE = YES_ERROR;
				CLANG_WARN_DOCUMENTATION_COMMENTS = YES;
				CLANG_WARN_EMPTY_BODY = YES;
				CLANG_WARN_ENUM_CONVERSION = YES;
				CLANG_WARN_INFINITE_RECURSION = YES;
				CLANG_WARN_INT_CONVERSION = YES;
				CLANG_WARN_NON_LITERAL_NULL_CONVERSION = YES;
				CLANG_WARN_OBJC_IMPLICIT_RETAIN_SELF = YES;
				CLANG_WARN_OBJC_LITERAL_CONVERSION = YES;
				CLANG_WARN_OBJC_ROOT_CLASS = YES_ERROR;
				CLANG_WARN_RANGE_LOOP_ANALYSIS = YES;
				CLANG_WARN_STRICT_PROTOTYPES = YES;
				CLANG_WARN_SUSPICIOUS_MOVE = YES;
				CLANG_WARN_UNGUARDED_AVAILABILITY = YES_AGGRESSIVE;
				CLANG_WARN_UNREACHABLE_CODE = YES;
				CLANG_WARN__DUPLICATE_METHOD_MATCH = YES;
				CODE_SIGN_IDENTITY = "iPhone Developer";
				COPY_PHASE_STRIP = NO;
				DEBUG_INFORMATION_FORMAT = "dwarf-with-dsym";
				ENABLE_NS_ASSERTIONS = NO;
				ENABLE_STRICT_OBJC_MSGSEND = YES;
				GCC_C_LANGUAGE_STANDARD = gnu11;
				GCC_NO_COMMON_BLOCKS = YES;
				GCC_WARN_64_TO_32_BIT_CONVERSION = YES;
				GCC_WARN_ABOUT_RETURN_TYPE = YES_ERROR;
				GCC_WARN_UNDECLARED_SELECTOR = YES;
				GCC_WARN_UNINITIALIZED_AUTOS = YES_AGGRESSIVE;
				GCC_WARN_UNUSED_FUNCTION = YES;
				GCC_WARN_UNUSED_VARIABLE = YES;
				IPHONEOS_DEPLOYMENT_TARGET = 12.2;
				MTL_ENABLE_DEBUG_INFO = NO;
				MTL_FAST_MATH = YES;
				SDKROOT = iphoneos;
				SWIFT_COMPILATION_MODE = wholemodule;
				SWIFT_OPTIMIZATION_LEVEL = "-O";
				VALIDATE_PRODUCT = YES;
			};
			name = Release;
		};
		613A475022F866C200455029 /* Debug */ = {
			isa = XCBuildConfiguration;
			buildSettings = {
				ASSETCATALOG_COMPILER_APPICON_NAME = AppIcon;
				CODE_SIGN_STYLE = Automatic;
				DEVELOPMENT_TEAM = R5RFEZ8DV2;
				INFOPLIST_FILE = DarkSkyWeather/Info.plist;
				IPHONEOS_DEPLOYMENT_TARGET = 10.0;
				LD_RUNPATH_SEARCH_PATHS = (
					"$(inherited)",
					"@executable_path/Frameworks",
				);
				PRODUCT_BUNDLE_IDENTIFIER = rowkaxl.DarkSkyWeather;
				PRODUCT_NAME = "$(TARGET_NAME)";
				SWIFT_VERSION = 5.0;
				TARGETED_DEVICE_FAMILY = "1,2";
			};
			name = Debug;
		};
		613A475122F866C200455029 /* Release */ = {
			isa = XCBuildConfiguration;
			buildSettings = {
				ASSETCATALOG_COMPILER_APPICON_NAME = AppIcon;
				CODE_SIGN_STYLE = Automatic;
				DEVELOPMENT_TEAM = R5RFEZ8DV2;
				INFOPLIST_FILE = DarkSkyWeather/Info.plist;
				IPHONEOS_DEPLOYMENT_TARGET = 10.0;
				LD_RUNPATH_SEARCH_PATHS = (
					"$(inherited)",
					"@executable_path/Frameworks",
				);
				PRODUCT_BUNDLE_IDENTIFIER = rowkaxl.DarkSkyWeather;
				PRODUCT_NAME = "$(TARGET_NAME)";
				SWIFT_VERSION = 5.0;
				TARGETED_DEVICE_FAMILY = "1,2";
			};
			name = Release;
		};
		613A475322F866C200455029 /* Debug */ = {
			isa = XCBuildConfiguration;
			buildSettings = {
				ALWAYS_EMBED_SWIFT_STANDARD_LIBRARIES = YES;
				BUNDLE_LOADER = "$(TEST_HOST)";
				CODE_SIGN_STYLE = Automatic;
				DEVELOPMENT_TEAM = R5RFEZ8DV2;
				INFOPLIST_FILE = DarkSkyWeatherTests/Info.plist;
				LD_RUNPATH_SEARCH_PATHS = (
					"$(inherited)",
					"@executable_path/Frameworks",
					"@loader_path/Frameworks",
				);
				PRODUCT_BUNDLE_IDENTIFIER = rowkaxl.DarkSkyWeatherTests;
				PRODUCT_NAME = "$(TARGET_NAME)";
				SWIFT_VERSION = 5.0;
				TARGETED_DEVICE_FAMILY = "1,2";
				TEST_HOST = "$(BUILT_PRODUCTS_DIR)/DarkSkyWeather.app/DarkSkyWeather";
			};
			name = Debug;
		};
		613A475422F866C200455029 /* Release */ = {
			isa = XCBuildConfiguration;
			buildSettings = {
				ALWAYS_EMBED_SWIFT_STANDARD_LIBRARIES = YES;
				BUNDLE_LOADER = "$(TEST_HOST)";
				CODE_SIGN_STYLE = Automatic;
				DEVELOPMENT_TEAM = R5RFEZ8DV2;
				INFOPLIST_FILE = DarkSkyWeatherTests/Info.plist;
				LD_RUNPATH_SEARCH_PATHS = (
					"$(inherited)",
					"@executable_path/Frameworks",
					"@loader_path/Frameworks",
				);
				PRODUCT_BUNDLE_IDENTIFIER = rowkaxl.DarkSkyWeatherTests;
				PRODUCT_NAME = "$(TARGET_NAME)";
				SWIFT_VERSION = 5.0;
				TARGETED_DEVICE_FAMILY = "1,2";
				TEST_HOST = "$(BUILT_PRODUCTS_DIR)/DarkSkyWeather.app/DarkSkyWeather";
			};
			name = Release;
		};
/* End XCBuildConfiguration section */

/* Begin XCConfigurationList section */
		613A472A22F866C000455029 /* Build configuration list for PBXProject "DarkSkyWeather" */ = {
			isa = XCConfigurationList;
			buildConfigurations = (
				613A474D22F866C200455029 /* Debug */,
				613A474E22F866C200455029 /* Release */,
			);
			defaultConfigurationIsVisible = 0;
			defaultConfigurationName = Release;
		};
		613A474F22F866C200455029 /* Build configuration list for PBXNativeTarget "DarkSkyWeather" */ = {
			isa = XCConfigurationList;
			buildConfigurations = (
				613A475022F866C200455029 /* Debug */,
				613A475122F866C200455029 /* Release */,
			);
			defaultConfigurationIsVisible = 0;
			defaultConfigurationName = Release;
		};
		613A475222F866C200455029 /* Build configuration list for PBXNativeTarget "DarkSkyWeatherTests" */ = {
			isa = XCConfigurationList;
			buildConfigurations = (
				613A475322F866C200455029 /* Debug */,
				613A475422F866C200455029 /* Release */,
			);
			defaultConfigurationIsVisible = 0;
			defaultConfigurationName = Release;
		};
/* End XCConfigurationList section */

/* Begin XCVersionGroup section */
		613A473922F866C000455029 /* DarkSkyWeather.xcdatamodeld */ = {
			isa = XCVersionGroup;
			children = (
				613A473A22F866C000455029 /* DarkSkyWeather.xcdatamodel */,
			);
			currentVersion = 613A473A22F866C000455029 /* DarkSkyWeather.xcdatamodel */;
			path = DarkSkyWeather.xcdatamodeld;
			sourceTree = "<group>";
			versionGroupType = wrapper.xcdatamodel;
		};
/* End XCVersionGroup section */
	};
	rootObject = 613A472722F866C000455029 /* Project object */;
}
